
Microsoft Visual Studio Solution File, Format Version 12.00
# Visual Studio 15
VisualStudioVersion = 15.0.28307.168
MinimumVisualStudioVersion = 10.0.40219.1
Project("{FAE04EC0-301F-11D3-BF4B-00C04F79EFBC}") = "Sesli Komut", "Sesli Komut\Sesli Komut.csproj", "{E539B17D-0463-4810-97F2-38C62E0DBCF2}"
EndProject
Global
	GlobalSection(SolutionConfigurationPlatforms) = preSolution
		Debug|Any CPU = Debug|Any CPU
		Release|Any CPU = Release|Any CPU
	EndGlobalSection
	GlobalSection(ProjectConfigurationPlatforms) = postSolution
		{E539B17D-0463-4810-97F2-38C62E0DBCF2}.Debug|Any CPU.ActiveCfg = Debug|Any CPU
		{E539B17D-0463-4810-97F2-38C62E0DBCF2}.Debug|Any CPU.Build.0 = Debug|Any CPU
		{E539B17D-0463-4810-97F2-38C62E0DBCF2}.Release|Any CPU.ActiveCfg = Release|Any CPU
		{E539B17D-0463-4810-97F2-38C62E0DBCF2}.Release|Any CPU.Build.0 = Release|Any CPU
	EndGlobalSection
	GlobalSection(SolutionProperties) = preSolution
		HideSolutionNode = FALSE
	EndGlobalSection
	GlobalSection(ExtensibilityGlobals) = postSolution
		SolutionGuid = {AB34C024-E0E4-42C8-80FF-E6F11C8E5E98}
	EndGlobalSection
EndGlobal
